
Microsoft Visual Studio Solution File, Format Version 12.00
# Visual Studio Version 16
VisualStudioVersion = 16.0.29926.136
MinimumVisualStudioVersion = 10.0.40219.1
Project("{FAE04EC0-301F-11D3-BF4B-00C04F79EFBC}") = "BookkingAppStore", "BookkingAppStore\BookkingAppStore.csproj", "{B86E22E4-44AB-45D2-AA89-7B29DADBA495}"
EndProject
Global
	GlobalSection(SolutionConfigurationPlatforms) = preSolution
		Debug|Any CPU = Debug|Any CPU
		Release|Any CPU = Release|Any CPU
	EndGlobalSection
	GlobalSection(ProjectConfigurationPlatforms) = postSolution
		{B86E22E4-44AB-45D2-AA89-7B29DADBA495}.Debug|Any CPU.ActiveCfg = Debug|Any CPU
		{B86E22E4-44AB-45D2-AA89-7B29DADBA495}.Debug|Any CPU.Build.0 = Debug|Any CPU
		{B86E22E4-44AB-45D2-AA89-7B29DADBA495}.Release|Any CPU.ActiveCfg = Release|Any CPU
		{B86E22E4-44AB-45D2-AA89-7B29DADBA495}.Release|Any CPU.Build.0 = Release|Any CPU
	EndGlobalSection
	GlobalSection(SolutionProperties) = preSolution
		HideSolutionNode = FALSE
	EndGlobalSection
	GlobalSection(ExtensibilityGlobals) = postSolution
		SolutionGuid = {E8B9E425-43AC-4300-B4C5-642ECF0D59C1}
	EndGlobalSection
EndGlobal
